
Microsoft Visual Studio Solution File, Format Version 12.00
# Visual Studio Version 16
VisualStudioVersion = 16.0.30011.22
MinimumVisualStudioVersion = 10.0.40219.1
Project("{FAE04EC0-301F-11D3-BF4B-00C04F79EFBC}") = "FTP_Client_Kursovaya", "FTP_Client_Kursovaya\FTP_Client_Kursovaya.csproj", "{DAE9D427-750A-4E53-AB38-0E85110D053A}"
EndProject
Global
	GlobalSection(SolutionConfigurationPlatforms) = preSolution
		Debug|Any CPU = Debug|Any CPU
		Release|Any CPU = Release|Any CPU
	EndGlobalSection
	GlobalSection(ProjectConfigurationPlatforms) = postSolution
		{DAE9D427-750A-4E53-AB38-0E85110D053A}.Debug|Any CPU.ActiveCfg = Debug|Any CPU
		{DAE9D427-750A-4E53-AB38-0E85110D053A}.Debug|Any CPU.Build.0 = Debug|Any CPU
		{DAE9D427-750A-4E53-AB38-0E85110D053A}.Release|Any CPU.ActiveCfg = Release|Any CPU
		{DAE9D427-750A-4E53-AB38-0E85110D053A}.Release|Any CPU.Build.0 = Release|Any CPU
	EndGlobalSection
	GlobalSection(SolutionProperties) = preSolution
		HideSolutionNode = FALSE
	EndGlobalSection
	GlobalSection(ExtensibilityGlobals) = postSolution
		SolutionGuid = {821F0969-F255-4662-B85B-77A0A14F07AF}
	EndGlobalSection
EndGlobal
